{
  "name": "Skillz",
  "lockfileVersion": 3,
  "requires": true,
  "packages": {
    "": {
      "dependencies": {
        "jquery": "^3.7.1",
        "rateyo": "^3.0.0-alpha.2"
      }
    },
    "node_modules/jquery": {
      "version": "3.7.1",
      "resolved": "https://registry.npmjs.org/jquery/-/jquery-3.7.1.tgz",
      "integrity": "sha512-m4avr8yL8kmFN8psrbFFFmB/If14iN5o9nw/NgnnM+kybDJpRsAynV2BsfpTYrTRysYUdADVD7CkUUizgkpLfg==",
      "license": "MIT"
    },
    "node_modules/rateyo": {
      "version": "3.0.0-alpha.2",
      "resolved": "https://registry.npmjs.org/rateyo/-/rateyo-3.0.0-alpha.2.tgz",
      "integrity": "sha512-2SQnLpo0j1aWa5na28mpPjT73YNpt7Z58W5MqahqTAs0KmPdbjlbrFctDHd2NyaZfBiQoRFpK92ZzOm4NX92SQ==",
      "license": "MIT",
      "engines": {
        "node": ">=10.16.2",
        "npm": ">=4.0.0"
      }
    }
  }
}
